
Microsoft Visual Studio Solution File, Format Version 12.00
# Visual Studio Version 17
VisualStudioVersion = 17.9.34728.123
MinimumVisualStudioVersion = 10.0.40219.1
Project("{9A19103F-16F7-4668-BE54-9A1E7A4F7556}") = "HOLE", "HOLE\HOLE.csproj", "{C79978A9-B226-40AC-BC02-74AC7EC2D23F}"
EndProject
Project("{9A19103F-16F7-4668-BE54-9A1E7A4F7556}") = "Aki.ByteBanger", "..\..\..\source\repos\Launcher\project\Aki.ByteBanger\Aki.ByteBanger.csproj", "{3B864EE0-01F1-4FD2-B5B2-59436A9F7BF0}"
EndProject
Global
	GlobalSection(SolutionConfigurationPlatforms) = preSolution
		Debug|Any CPU = Debug|Any CPU
		Release|Any CPU = Release|Any CPU
	EndGlobalSection
	GlobalSection(ProjectConfigurationPlatforms) = postSolution
		{C79978A9-B226-40AC-BC02-74AC7EC2D23F}.Debug|Any CPU.ActiveCfg = Debug|Any CPU
		{C79978A9-B226-40AC-BC02-74AC7EC2D23F}.Debug|Any CPU.Build.0 = Debug|Any CPU
		{C79978A9-B226-40AC-BC02-74AC7EC2D23F}.Release|Any CPU.ActiveCfg = Release|Any CPU
		{C79978A9-B226-40AC-BC02-74AC7EC2D23F}.Release|Any CPU.Build.0 = Release|Any CPU
		{3B864EE0-01F1-4FD2-B5B2-59436A9F7BF0}.Debug|Any CPU.ActiveCfg = Debug|Any CPU
		{3B864EE0-01F1-4FD2-B5B2-59436A9F7BF0}.Debug|Any CPU.Build.0 = Debug|Any CPU
		{3B864EE0-01F1-4FD2-B5B2-59436A9F7BF0}.Release|Any CPU.ActiveCfg = Release|Any CPU
		{3B864EE0-01F1-4FD2-B5B2-59436A9F7BF0}.Release|Any CPU.Build.0 = Release|Any CPU
	EndGlobalSection
	GlobalSection(SolutionProperties) = preSolution
		HideSolutionNode = FALSE
	EndGlobalSection
	GlobalSection(ExtensibilityGlobals) = postSolution
		SolutionGuid = {A23360B6-4919-4704-B3AF-81F0012F2B7E}
	EndGlobalSection
EndGlobal
